
Microsoft Visual Studio Solution File, Format Version 12.00
# Visual Studio 2012
Project("{8BC9CEB8-8B4A-11D0-8D11-00A0C91BC942}") = "gles2framework", "gles2framework.vcxproj", "{D03A4D5E-7BFC-4C1E-B4FD-1DA8CE25B8B0}"
EndProject
Global
	GlobalSection(SolutionConfigurationPlatforms) = preSolution
		Debug|Win32 = Debug|Win32
		Release|Win32 = Release|Win32
	EndGlobalSection
	GlobalSection(ProjectConfigurationPlatforms) = postSolution
		{D03A4D5E-7BFC-4C1E-B4FD-1DA8CE25B8B0}.Debug|Win32.ActiveCfg = Debug|Win32
		{D03A4D5E-7BFC-4C1E-B4FD-1DA8CE25B8B0}.Debug|Win32.Build.0 = Debug|Win32
		{D03A4D5E-7BFC-4C1E-B4FD-1DA8CE25B8B0}.Release|Win32.ActiveCfg = Release|Win32
		{D03A4D5E-7BFC-4C1E-B4FD-1DA8CE25B8B0}.Release|Win32.Build.0 = Release|Win32
	EndGlobalSection
	GlobalSection(SolutionProperties) = preSolution
		HideSolutionNode = FALSE
	EndGlobalSection
EndGlobal
